
Microsoft Visual Studio Solution File, Format Version 12.00
# Visual Studio Version 17
VisualStudioVersion = 17.0.31903.59
MinimumVisualStudioVersion = 10.0.40219.1
Project("{FAE04EC0-301F-11D3-BF4B-00C04F79EFBC}") = "Application", "Application\Application.csproj", "{06461044-262F-4720-8286-C157A45F7A53}"
EndProject
Project("{FAE04EC0-301F-11D3-BF4B-00C04F79EFBC}") = "Data", "Data\Data.csproj", "{12FE269B-3410-4B7F-99E7-3C9538C2A2E5}"
EndProject
Project("{FAE04EC0-301F-11D3-BF4B-00C04F79EFBC}") = "ConsoleApp", "ConsoleApp\ConsoleApp.csproj", "{D74578B9-6E55-46C7-BE59-9DFE74DBB848}"
EndProject
Project("{FAE04EC0-301F-11D3-BF4B-00C04F79EFBC}") = "WebAPI", "WebAPI\WebAPI.csproj", "{60254A40-957D-4222-9BBB-8E8E44C7056B}"
EndProject
Global
	GlobalSection(SolutionConfigurationPlatforms) = preSolution
		Debug|Any CPU = Debug|Any CPU
		Debug|x64 = Debug|x64
		Debug|x86 = Debug|x86
		Release|Any CPU = Release|Any CPU
		Release|x64 = Release|x64
		Release|x86 = Release|x86
	EndGlobalSection
	GlobalSection(ProjectConfigurationPlatforms) = postSolution
		{06461044-262F-4720-8286-C157A45F7A53}.Debug|Any CPU.ActiveCfg = Debug|Any CPU
		{06461044-262F-4720-8286-C157A45F7A53}.Debug|Any CPU.Build.0 = Debug|Any CPU
		{06461044-262F-4720-8286-C157A45F7A53}.Debug|x64.ActiveCfg = Debug|Any CPU
		{06461044-262F-4720-8286-C157A45F7A53}.Debug|x64.Build.0 = Debug|Any CPU
		{06461044-262F-4720-8286-C157A45F7A53}.Debug|x86.ActiveCfg = Debug|Any CPU
		{06461044-262F-4720-8286-C157A45F7A53}.Debug|x86.Build.0 = Debug|Any CPU
		{06461044-262F-4720-8286-C157A45F7A53}.Release|Any CPU.ActiveCfg = Release|Any CPU
		{06461044-262F-4720-8286-C157A45F7A53}.Release|Any CPU.Build.0 = Release|Any CPU
		{06461044-262F-4720-8286-C157A45F7A53}.Release|x64.ActiveCfg = Release|Any CPU
		{06461044-262F-4720-8286-C157A45F7A53}.Release|x64.Build.0 = Release|Any CPU
		{06461044-262F-4720-8286-C157A45F7A53}.Release|x86.ActiveCfg = Release|Any CPU
		{06461044-262F-4720-8286-C157A45F7A53}.Release|x86.Build.0 = Release|Any CPU
		{12FE269B-3410-4B7F-99E7-3C9538C2A2E5}.Debug|Any CPU.ActiveCfg = Debug|Any CPU
		{12FE269B-3410-4B7F-99E7-3C9538C2A2E5}.Debug|Any CPU.Build.0 = Debug|Any CPU
		{12FE269B-3410-4B7F-99E7-3C9538C2A2E5}.Debug|x64.ActiveCfg = Debug|Any CPU
		{12FE269B-3410-4B7F-99E7-3C9538C2A2E5}.Debug|x64.Build.0 = Debug|Any CPU
		{12FE269B-3410-4B7F-99E7-3C9538C2A2E5}.Debug|x86.ActiveCfg = Debug|Any CPU
		{12FE269B-3410-4B7F-99E7-3C9538C2A2E5}.Debug|x86.Build.0 = Debug|Any CPU
		{12FE269B-3410-4B7F-99E7-3C9538C2A2E5}.Release|Any CPU.ActiveCfg = Release|Any CPU
		{12FE269B-3410-4B7F-99E7-3C9538C2A2E5}.Release|Any CPU.Build.0 = Release|Any CPU
		{12FE269B-3410-4B7F-99E7-3C9538C2A2E5}.Release|x64.ActiveCfg = Release|Any CPU
		{12FE269B-3410-4B7F-99E7-3C9538C2A2E5}.Release|x64.Build.0 = Release|Any CPU
		{12FE269B-3410-4B7F-99E7-3C9538C2A2E5}.Release|x86.ActiveCfg = Release|Any CPU
		{12FE269B-3410-4B7F-99E7-3C9538C2A2E5}.Release|x86.Build.0 = Release|Any CPU
		{D74578B9-6E55-46C7-BE59-9DFE74DBB848}.Debug|Any CPU.ActiveCfg = Debug|Any CPU
		{D74578B9-6E55-46C7-BE59-9DFE74DBB848}.Debug|Any CPU.Build.0 = Debug|Any CPU
		{D74578B9-6E55-46C7-BE59-9DFE74DBB848}.Debug|x64.ActiveCfg = Debug|Any CPU
		{D74578B9-6E55-46C7-BE59-9DFE74DBB848}.Debug|x64.Build.0 = Debug|Any CPU
		{D74578B9-6E55-46C7-BE59-9DFE74DBB848}.Debug|x86.ActiveCfg = Debug|Any CPU
		{D74578B9-6E55-46C7-BE59-9DFE74DBB848}.Debug|x86.Build.0 = Debug|Any CPU
		{D74578B9-6E55-46C7-BE59-9DFE74DBB848}.Release|Any CPU.ActiveCfg = Release|Any CPU
		{D74578B9-6E55-46C7-BE59-9DFE74DBB848}.Release|Any CPU.Build.0 = Release|Any CPU
		{D74578B9-6E55-46C7-BE59-9DFE74DBB848}.Release|x64.ActiveCfg = Release|Any CPU
		{D74578B9-6E55-46C7-BE59-9DFE74DBB848}.Release|x64.Build.0 = Release|Any CPU
		{D74578B9-6E55-46C7-BE59-9DFE74DBB848}.Release|x86.ActiveCfg = Release|Any CPU
		{D74578B9-6E55-46C7-BE59-9DFE74DBB848}.Release|x86.Build.0 = Release|Any CPU
		{60254A40-957D-4222-9BBB-8E8E44C7056B}.Debug|Any CPU.ActiveCfg = Debug|Any CPU
		{60254A40-957D-4222-9BBB-8E8E44C7056B}.Debug|Any CPU.Build.0 = Debug|Any CPU
		{60254A40-957D-4222-9BBB-8E8E44C7056B}.Debug|x64.ActiveCfg = Debug|Any CPU
		{60254A40-957D-4222-9BBB-8E8E44C7056B}.Debug|x64.Build.0 = Debug|Any CPU
		{60254A40-957D-4222-9BBB-8E8E44C7056B}.Debug|x86.ActiveCfg = Debug|Any CPU
		{60254A40-957D-4222-9BBB-8E8E44C7056B}.Debug|x86.Build.0 = Debug|Any CPU
		{60254A40-957D-4222-9BBB-8E8E44C7056B}.Release|Any CPU.ActiveCfg = Release|Any CPU
		{60254A40-957D-4222-9BBB-8E8E44C7056B}.Release|Any CPU.Build.0 = Release|Any CPU
		{60254A40-957D-4222-9BBB-8E8E44C7056B}.Release|x64.ActiveCfg = Release|Any CPU
		{60254A40-957D-4222-9BBB-8E8E44C7056B}.Release|x64.Build.0 = Release|Any CPU
		{60254A40-957D-4222-9BBB-8E8E44C7056B}.Release|x86.ActiveCfg = Release|Any CPU
		{60254A40-957D-4222-9BBB-8E8E44C7056B}.Release|x86.Build.0 = Release|Any CPU
	EndGlobalSection
	GlobalSection(SolutionProperties) = preSolution
		HideSolutionNode = FALSE
	EndGlobalSection
EndGlobal
