
Microsoft Visual Studio Solution File, Format Version 12.00
# Visual Studio Version 17
VisualStudioVersion = 17.0.31903.59
MinimumVisualStudioVersion = 10.0.40219.1
Project("{FAE04EC0-301F-11D3-BF4B-00C04F79EFBC}") = "Application", "Application\Application.csproj", "{61B08305-77ED-4F1D-A383-D10A6C58B1C0}"
EndProject
Project("{FAE04EC0-301F-11D3-BF4B-00C04F79EFBC}") = "Data", "Data\Data.csproj", "{7744618C-555C-4B3A-B06F-EA286E827BE7}"
EndProject
Project("{FAE04EC0-301F-11D3-BF4B-00C04F79EFBC}") = "ConsoleApp", "ConsoleApp\ConsoleApp.csproj", "{4368A5A4-D54B-4809-96BC-E76AEBA6FCAE}"
EndProject
Project("{FAE04EC0-301F-11D3-BF4B-00C04F79EFBC}") = "WebAPI", "WebAPI\WebAPI.csproj", "{128043B5-E30D-4B15-9590-D4F8A5EF4961}"
EndProject
Global
	GlobalSection(SolutionConfigurationPlatforms) = preSolution
		Debug|Any CPU = Debug|Any CPU
		Debug|x64 = Debug|x64
		Debug|x86 = Debug|x86
		Release|Any CPU = Release|Any CPU
		Release|x64 = Release|x64
		Release|x86 = Release|x86
	EndGlobalSection
	GlobalSection(ProjectConfigurationPlatforms) = postSolution
		{61B08305-77ED-4F1D-A383-D10A6C58B1C0}.Debug|Any CPU.ActiveCfg = Debug|Any CPU
		{61B08305-77ED-4F1D-A383-D10A6C58B1C0}.Debug|Any CPU.Build.0 = Debug|Any CPU
		{61B08305-77ED-4F1D-A383-D10A6C58B1C0}.Debug|x64.ActiveCfg = Debug|Any CPU
		{61B08305-77ED-4F1D-A383-D10A6C58B1C0}.Debug|x64.Build.0 = Debug|Any CPU
		{61B08305-77ED-4F1D-A383-D10A6C58B1C0}.Debug|x86.ActiveCfg = Debug|Any CPU
		{61B08305-77ED-4F1D-A383-D10A6C58B1C0}.Debug|x86.Build.0 = Debug|Any CPU
		{61B08305-77ED-4F1D-A383-D10A6C58B1C0}.Release|Any CPU.ActiveCfg = Release|Any CPU
		{61B08305-77ED-4F1D-A383-D10A6C58B1C0}.Release|Any CPU.Build.0 = Release|Any CPU
		{61B08305-77ED-4F1D-A383-D10A6C58B1C0}.Release|x64.ActiveCfg = Release|Any CPU
		{61B08305-77ED-4F1D-A383-D10A6C58B1C0}.Release|x64.Build.0 = Release|Any CPU
		{61B08305-77ED-4F1D-A383-D10A6C58B1C0}.Release|x86.ActiveCfg = Release|Any CPU
		{61B08305-77ED-4F1D-A383-D10A6C58B1C0}.Release|x86.Build.0 = Release|Any CPU
		{7744618C-555C-4B3A-B06F-EA286E827BE7}.Debug|Any CPU.ActiveCfg = Debug|Any CPU
		{7744618C-555C-4B3A-B06F-EA286E827BE7}.Debug|Any CPU.Build.0 = Debug|Any CPU
		{7744618C-555C-4B3A-B06F-EA286E827BE7}.Debug|x64.ActiveCfg = Debug|Any CPU
		{7744618C-555C-4B3A-B06F-EA286E827BE7}.Debug|x64.Build.0 = Debug|Any CPU
		{7744618C-555C-4B3A-B06F-EA286E827BE7}.Debug|x86.ActiveCfg = Debug|Any CPU
		{7744618C-555C-4B3A-B06F-EA286E827BE7}.Debug|x86.Build.0 = Debug|Any CPU
		{7744618C-555C-4B3A-B06F-EA286E827BE7}.Release|Any CPU.ActiveCfg = Release|Any CPU
		{7744618C-555C-4B3A-B06F-EA286E827BE7}.Release|Any CPU.Build.0 = Release|Any CPU
		{7744618C-555C-4B3A-B06F-EA286E827BE7}.Release|x64.ActiveCfg = Release|Any CPU
		{7744618C-555C-4B3A-B06F-EA286E827BE7}.Release|x64.Build.0 = Release|Any CPU
		{7744618C-555C-4B3A-B06F-EA286E827BE7}.Release|x86.ActiveCfg = Release|Any CPU
		{7744618C-555C-4B3A-B06F-EA286E827BE7}.Release|x86.Build.0 = Release|Any CPU
		{4368A5A4-D54B-4809-96BC-E76AEBA6FCAE}.Debug|Any CPU.ActiveCfg = Debug|Any CPU
		{4368A5A4-D54B-4809-96BC-E76AEBA6FCAE}.Debug|Any CPU.Build.0 = Debug|Any CPU
		{4368A5A4-D54B-4809-96BC-E76AEBA6FCAE}.Debug|x64.ActiveCfg = Debug|Any CPU
		{4368A5A4-D54B-4809-96BC-E76AEBA6FCAE}.Debug|x64.Build.0 = Debug|Any CPU
		{4368A5A4-D54B-4809-96BC-E76AEBA6FCAE}.Debug|x86.ActiveCfg = Debug|Any CPU
		{4368A5A4-D54B-4809-96BC-E76AEBA6FCAE}.Debug|x86.Build.0 = Debug|Any CPU
		{4368A5A4-D54B-4809-96BC-E76AEBA6FCAE}.Release|Any CPU.ActiveCfg = Release|Any CPU
		{4368A5A4-D54B-4809-96BC-E76AEBA6FCAE}.Release|Any CPU.Build.0 = Release|Any CPU
		{4368A5A4-D54B-4809-96BC-E76AEBA6FCAE}.Release|x64.ActiveCfg = Release|Any CPU
		{4368A5A4-D54B-4809-96BC-E76AEBA6FCAE}.Release|x64.Build.0 = Release|Any CPU
		{4368A5A4-D54B-4809-96BC-E76AEBA6FCAE}.Release|x86.ActiveCfg = Release|Any CPU
		{4368A5A4-D54B-4809-96BC-E76AEBA6FCAE}.Release|x86.Build.0 = Release|Any CPU
		{128043B5-E30D-4B15-9590-D4F8A5EF4961}.Debug|Any CPU.ActiveCfg = Debug|Any CPU
		{128043B5-E30D-4B15-9590-D4F8A5EF4961}.Debug|Any CPU.Build.0 = Debug|Any CPU
		{128043B5-E30D-4B15-9590-D4F8A5EF4961}.Debug|x64.ActiveCfg = Debug|Any CPU
		{128043B5-E30D-4B15-9590-D4F8A5EF4961}.Debug|x64.Build.0 = Debug|Any CPU
		{128043B5-E30D-4B15-9590-D4F8A5EF4961}.Debug|x86.ActiveCfg = Debug|Any CPU
		{128043B5-E30D-4B15-9590-D4F8A5EF4961}.Debug|x86.Build.0 = Debug|Any CPU
		{128043B5-E30D-4B15-9590-D4F8A5EF4961}.Release|Any CPU.ActiveCfg = Release|Any CPU
		{128043B5-E30D-4B15-9590-D4F8A5EF4961}.Release|Any CPU.Build.0 = Release|Any CPU
		{128043B5-E30D-4B15-9590-D4F8A5EF4961}.Release|x64.ActiveCfg = Release|Any CPU
		{128043B5-E30D-4B15-9590-D4F8A5EF4961}.Release|x64.Build.0 = Release|Any CPU
		{128043B5-E30D-4B15-9590-D4F8A5EF4961}.Release|x86.ActiveCfg = Release|Any CPU
		{128043B5-E30D-4B15-9590-D4F8A5EF4961}.Release|x86.Build.0 = Release|Any CPU
	EndGlobalSection
	GlobalSection(SolutionProperties) = preSolution
		HideSolutionNode = FALSE
	EndGlobalSection
EndGlobal
