{
  "name": "Lab05-poczatek",
  "lockfileVersion": 3,
  "requires": true,
  "packages": {
    "": {
      "dependencies": {
        "rxjs": "^7.8.2"
      },
      "devDependencies": {
        "@types/rx": "^4.1.4"
      }
    },
    "node_modules/@types/rx": {
      "version": "4.1.4",
      "resolved": "https://registry.npmjs.org/@types/rx/-/rx-4.1.4.tgz",
      "integrity": "sha512-lCvPzEJKD5MJsOvCRk0RciRmER+BLmk9Z/EKgpYBkj6imocWPTDQ9WRM988icVmbXzsJ3Ffw3fnyIz+6geogAg==",
      "dev": true,
      "license": "MIT",
      "dependencies": {
        "@types/rx-core": "*",
        "@types/rx-core-binding": "*",
        "@types/rx-lite": "*",
        "@types/rx-lite-aggregates": "*",
        "@types/rx-lite-async": "*",
        "@types/rx-lite-backpressure": "*",
        "@types/rx-lite-coincidence": "*",
        "@types/rx-lite-experimental": "*",
        "@types/rx-lite-joinpatterns": "*",
        "@types/rx-lite-testing": "*",
        "@types/rx-lite-time": "*",
        "@types/rx-lite-virtualtime": "*"
      }
    },
    "node_modules/@types/rx-core": {
      "version": "4.0.6",
      "resolved": "https://registry.npmjs.org/@types/rx-core/-/rx-core-4.0.6.tgz",
      "integrity": "sha512-x4VqenExHPSDWLQLl0G8YE/KQWNzK3aXf2Twg7hoEjlFXUbOprX3aMl2jPdoLoOKl/gGEo0PLZ2K9Te5rN2lWw==",
      "dev": true,
      "license": "MIT"
    },
    "node_modules/@types/rx-core-binding": {
      "version": "4.0.7",
      "resolved": "https://registry.npmjs.org/@types/rx-core-binding/-/rx-core-binding-4.0.7.tgz",
      "integrity": "sha512-Lj4YEEGLaQndB2CQ0s7rNJGud8fzg/S2WL1XU3RwJjk7mwLQd8CzU+Suvzsh4NyjlU9eTb4Zj4I0QZ3sfmGS7g==",
      "dev": true,
      "license": "MIT",
      "dependencies": {
        "@types/rx-core": "*"
      }
    },
    "node_modules/@types/rx-lite": {
      "version": "4.0.10",
      "resolved": "https://registry.npmjs.org/@types/rx-lite/-/rx-lite-4.0.10.tgz",
      "integrity": "sha512-KAUn8LFfEMGwI8vSet+L0PyHT1gacz4/Pz1a3gmL7FtTKW+f12WJH1OocjAGJAos9cQ7SgVFV0E//RzZAkakYQ==",
      "dev": true,
      "license": "MIT",
      "dependencies": {
        "@types/rx-core": "*",
        "@types/rx-core-binding": "*"
      }
    },
    "node_modules/@types/rx-lite-aggregates": {
      "version": "4.0.6",
      "resolved": "https://registry.npmjs.org/@types/rx-lite-aggregates/-/rx-lite-aggregates-4.0.6.tgz",
      "integrity": "sha512-JaJpAxKNGhzFqgpeVfhjrd9/ig2FSJmJUnptsSXDxNELSoufnv4b3h43TjBeiC7coi0Xr/stT/Qk1R70FTUgog==",
      "dev": true,
      "license": "MIT",
      "dependencies": {
        "@types/rx-lite": "*"
      }
    },
    "node_modules/@types/rx-lite-async": {
      "version": "4.0.5",
      "resolved": "https://registry.npmjs.org/@types/rx-lite-async/-/rx-lite-async-4.0.5.tgz",
      "integrity": "sha512-OjSFuusAEZYX04g5xx85yIxXuE4Ray2mM7Riww2oZ25Kg9FtfieocrxIMWHgOR555QlLQySV0949HRdou02Lvw==",
      "dev": true,
      "license": "MIT",
      "dependencies": {
        "@types/rx-lite": "*"
      }
    },
    "node_modules/@types/rx-lite-backpressure": {
      "version": "4.0.5",
      "resolved": "https://registry.npmjs.org/@types/rx-lite-backpressure/-/rx-lite-backpressure-4.0.5.tgz",
      "integrity": "sha512-jIXkD5io4LqkXYxg01ldqWgSlS9qRi6fFZOUaLSA/Id0higxiwEZqFjxA2KTofCgENv5IJvyGK4RiAH5o/phsQ==",
      "dev": true,
      "license": "MIT",
      "dependencies": {
        "@types/rx-lite": "*"
      }
    },
    "node_modules/@types/rx-lite-coincidence": {
      "version": "4.0.6",
      "resolved": "https://registry.npmjs.org/@types/rx-lite-coincidence/-/rx-lite-coincidence-4.0.6.tgz",
      "integrity": "sha512-GLSu07SnRI2cZkgNFMO/adu3zFR9A0bTb3uP//66XrSlrygH91hVot5NQrFsmwxixfJ6pFU9WcWAEVCK6Sdi1A==",
      "dev": true,
      "license": "MIT",
      "dependencies": {
        "@types/rx-lite": "*"
      }
    },
    "node_modules/@types/rx-lite-experimental": {
      "version": "4.0.4",
      "resolved": "https://registry.npmjs.org/@types/rx-lite-experimental/-/rx-lite-experimental-4.0.4.tgz",
      "integrity": "sha512-7I99UJN8PtiiUDAXiuYPHtEKLEPw2KzUouf+b4xpN73hMa2uqpDUCCI4uuPzJH0M/g+ULJSTzb1V7Tmqy0oDVg==",
      "dev": true,
      "license": "MIT",
      "dependencies": {
        "@types/rx-lite": "*"
      }
    },
    "node_modules/@types/rx-lite-joinpatterns": {
      "version": "4.0.4",
      "resolved": "https://registry.npmjs.org/@types/rx-lite-joinpatterns/-/rx-lite-joinpatterns-4.0.4.tgz",
      "integrity": "sha512-9GHyCl/IROLg4BscYf8N/b0TiRmkXcQOefXCcsdXz1sJ0oWK5VZaoGlSaeC2uCZSU2cSq2HvGA5jv32d0HS+DQ==",
      "dev": true,
      "license": "MIT",
      "dependencies": {
        "@types/rx-lite": "*"
      }
    },
    "node_modules/@types/rx-lite-testing": {
      "version": "4.0.4",
      "resolved": "https://registry.npmjs.org/@types/rx-lite-testing/-/rx-lite-testing-4.0.4.tgz",
      "integrity": "sha512-zT9QpeNHQhekh0CTOurnH692ADSn7koCVYZoFqOL4RPuvJcG/M8DBAF2VTzOpQuDyLiu6sQafRw2oop10xKJRw==",
      "dev": true,
      "license": "MIT",
      "dependencies": {
        "@types/rx-lite-virtualtime": "*"
      }
    },
    "node_modules/@types/rx-lite-time": {
      "version": "4.0.6",
      "resolved": "https://registry.npmjs.org/@types/rx-lite-time/-/rx-lite-time-4.0.6.tgz",
      "integrity": "sha512-bEDm22LwRlW4RtMKn+ALz79Esc6Bur5nj8hVOf7PLd9xCZLu1xEbcgY9692luhDKry9r7A8GUecfYwm1U9FW1A==",
      "dev": true,
      "license": "MIT",
      "dependencies": {
        "@types/rx-lite": "*"
      }
    },
    "node_modules/@types/rx-lite-virtualtime": {
      "version": "4.0.6",
      "resolved": "https://registry.npmjs.org/@types/rx-lite-virtualtime/-/rx-lite-virtualtime-4.0.6.tgz",
      "integrity": "sha512-AAsV20sdLpusZN0SdN8tJld4iUQUGUrBWX99qIh6Gh7ke9EkbNaCo2O+8+fpYtHSN6THG2M6Zc+x2a9TMVvlhg==",
      "dev": true,
      "license": "MIT",
      "dependencies": {
        "@types/rx-lite": "*"
      }
    },
    "node_modules/rxjs": {
      "version": "7.8.2",
      "resolved": "https://registry.npmjs.org/rxjs/-/rxjs-7.8.2.tgz",
      "integrity": "sha512-dhKf903U/PQZY6boNNtAGdWbG85WAbjT/1xYoZIC7FAY0yWapOBQVsVrDl58W86//e1VpMNBtRV4MaXfdMySFA==",
      "license": "Apache-2.0",
      "dependencies": {
        "tslib": "^2.1.0"
      }
    },
    "node_modules/tslib": {
      "version": "2.8.1",
      "resolved": "https://registry.npmjs.org/tslib/-/tslib-2.8.1.tgz",
      "integrity": "sha512-oJFu94HQb+KVduSUQL7wnpmqnfmLsOA/nAh6b6EH0wCEoK0/mPeXU6c3wKDV83MkOuHPRHtSXKKU99IBazS/2w==",
      "license": "0BSD"
    }
  }
}
