
Microsoft Visual Studio Solution File, Format Version 12.00
# Visual Studio Version 17
VisualStudioVersion = 17.0.31903.59
MinimumVisualStudioVersion = 10.0.40219.1
Project("{FAE04EC0-301F-11D3-BF4B-00C04F79EFBC}") = "Application", "Application\Application.csproj", "{1986BBF7-431F-44B6-9679-33894E33C475}"
EndProject
Project("{FAE04EC0-301F-11D3-BF4B-00C04F79EFBC}") = "Data", "Data\Data.csproj", "{EAD1788A-91A9-4434-895A-65FBD4DE5AC6}"
EndProject
Project("{FAE04EC0-301F-11D3-BF4B-00C04F79EFBC}") = "ConsoleApp", "ConsoleApp\ConsoleApp.csproj", "{70BC2E48-3CC2-422C-AD28-D2ED4D3292CC}"
EndProject
Global
	GlobalSection(SolutionConfigurationPlatforms) = preSolution
		Debug|Any CPU = Debug|Any CPU
		Release|Any CPU = Release|Any CPU
	EndGlobalSection
	GlobalSection(SolutionProperties) = preSolution
		HideSolutionNode = FALSE
	EndGlobalSection
	GlobalSection(ProjectConfigurationPlatforms) = postSolution
		{1986BBF7-431F-44B6-9679-33894E33C475}.Debug|Any CPU.ActiveCfg = Debug|Any CPU
		{1986BBF7-431F-44B6-9679-33894E33C475}.Debug|Any CPU.Build.0 = Debug|Any CPU
		{1986BBF7-431F-44B6-9679-33894E33C475}.Release|Any CPU.ActiveCfg = Release|Any CPU
		{1986BBF7-431F-44B6-9679-33894E33C475}.Release|Any CPU.Build.0 = Release|Any CPU
		{EAD1788A-91A9-4434-895A-65FBD4DE5AC6}.Debug|Any CPU.ActiveCfg = Debug|Any CPU
		{EAD1788A-91A9-4434-895A-65FBD4DE5AC6}.Debug|Any CPU.Build.0 = Debug|Any CPU
		{EAD1788A-91A9-4434-895A-65FBD4DE5AC6}.Release|Any CPU.ActiveCfg = Release|Any CPU
		{EAD1788A-91A9-4434-895A-65FBD4DE5AC6}.Release|Any CPU.Build.0 = Release|Any CPU
		{70BC2E48-3CC2-422C-AD28-D2ED4D3292CC}.Debug|Any CPU.ActiveCfg = Debug|Any CPU
		{70BC2E48-3CC2-422C-AD28-D2ED4D3292CC}.Debug|Any CPU.Build.0 = Debug|Any CPU
		{70BC2E48-3CC2-422C-AD28-D2ED4D3292CC}.Release|Any CPU.ActiveCfg = Release|Any CPU
		{70BC2E48-3CC2-422C-AD28-D2ED4D3292CC}.Release|Any CPU.Build.0 = Release|Any CPU
	EndGlobalSection
EndGlobal
