
Microsoft Visual Studio Solution File, Format Version 12.00
# Visual Studio Version 17
VisualStudioVersion = 17.0.31903.59
MinimumVisualStudioVersion = 10.0.40219.1
Project("{FAE04EC0-301F-11D3-BF4B-00C04F79EFBC}") = "Application", "Application\Application.csproj", "{6618DEF5-F6FD-4982-A386-DF3A33A01797}"
EndProject
Project("{FAE04EC0-301F-11D3-BF4B-00C04F79EFBC}") = "Data", "Data\Data.csproj", "{1927BD45-D162-4814-8787-CDBBB192ACF5}"
EndProject
Project("{FAE04EC0-301F-11D3-BF4B-00C04F79EFBC}") = "ConsoleApp", "ConsoleApp\ConsoleApp.csproj", "{C12FBD4A-A297-409B-AE61-7B5286F95500}"
EndProject
Global
	GlobalSection(SolutionConfigurationPlatforms) = preSolution
		Debug|Any CPU = Debug|Any CPU
		Release|Any CPU = Release|Any CPU
	EndGlobalSection
	GlobalSection(SolutionProperties) = preSolution
		HideSolutionNode = FALSE
	EndGlobalSection
	GlobalSection(ProjectConfigurationPlatforms) = postSolution
		{6618DEF5-F6FD-4982-A386-DF3A33A01797}.Debug|Any CPU.ActiveCfg = Debug|Any CPU
		{6618DEF5-F6FD-4982-A386-DF3A33A01797}.Debug|Any CPU.Build.0 = Debug|Any CPU
		{6618DEF5-F6FD-4982-A386-DF3A33A01797}.Release|Any CPU.ActiveCfg = Release|Any CPU
		{6618DEF5-F6FD-4982-A386-DF3A33A01797}.Release|Any CPU.Build.0 = Release|Any CPU
		{1927BD45-D162-4814-8787-CDBBB192ACF5}.Debug|Any CPU.ActiveCfg = Debug|Any CPU
		{1927BD45-D162-4814-8787-CDBBB192ACF5}.Debug|Any CPU.Build.0 = Debug|Any CPU
		{1927BD45-D162-4814-8787-CDBBB192ACF5}.Release|Any CPU.ActiveCfg = Release|Any CPU
		{1927BD45-D162-4814-8787-CDBBB192ACF5}.Release|Any CPU.Build.0 = Release|Any CPU
		{C12FBD4A-A297-409B-AE61-7B5286F95500}.Debug|Any CPU.ActiveCfg = Debug|Any CPU
		{C12FBD4A-A297-409B-AE61-7B5286F95500}.Debug|Any CPU.Build.0 = Debug|Any CPU
		{C12FBD4A-A297-409B-AE61-7B5286F95500}.Release|Any CPU.ActiveCfg = Release|Any CPU
		{C12FBD4A-A297-409B-AE61-7B5286F95500}.Release|Any CPU.Build.0 = Release|Any CPU
	EndGlobalSection
EndGlobal
